
Microsoft Visual Studio Solution File, Format Version 12.00
# Visual Studio 2013
VisualStudioVersion = 12.0.30501.0
MinimumVisualStudioVersion = 10.0.40219.1
Project("{FAE04EC0-301F-11D3-BF4B-00C04F79EFBC}") = "PirateTV01", "PirateTv-01\PirateTV01.csproj", "{6BCEB877-FFEF-48A9-8D5B-ECD89ACE51D0}"
EndProject
Project("{FAE04EC0-301F-11D3-BF4B-00C04F79EFBC}") = "FoxSportsChannel", "FoxSportsChannel\FoxSportsChannel.csproj", "{54E5FE99-7A57-4C93-9DC9-070D7DA68E18}"
EndProject
Project("{FAE04EC0-301F-11D3-BF4B-00C04F79EFBC}") = "NBCChannel", "NBCChannel\NBCChannel.csproj", "{2F8F784E-60BF-4D00-AC8B-CA3D391806DF}"
EndProject
Project("{FAE04EC0-301F-11D3-BF4B-00C04F79EFBC}") = "FoxBusinessChannel", "FoxBusinessChannel\FoxBusinessChannel.csproj", "{B2715185-D995-4593-9E3D-BB7E221A6671}"
EndProject
Project("{FAE04EC0-301F-11D3-BF4B-00C04F79EFBC}") = "DiscoveryChannel", "DiscoveryChannel\DiscoveryChannel.csproj", "{9AC6E594-21F0-4A53-9BC4-AE3F64533E2E}"
EndProject
Project("{FAE04EC0-301F-11D3-BF4B-00C04F79EFBC}") = "CartoonNetworkChannel", "CartoonNetworkChannel\CartoonNetworkChannel.csproj", "{E4C5B4FE-FA87-4DDA-8584-C8EBD377E67C}"
EndProject
Project("{FAE04EC0-301F-11D3-BF4B-00C04F79EFBC}") = "ChannelContract", "ChannelContract\ChannelContract.csproj", "{786F3FCF-ECB3-44BE-8AE9-C81340B9E9C1}"
EndProject
Project("{FAE04EC0-301F-11D3-BF4B-00C04F79EFBC}") = "PirateTV01Lib", "PirateTV01\PirateTV01Lib.csproj", "{1D45E4F9-AB1D-460B-9E4A-B71CCB757E92}"
EndProject
Global
	GlobalSection(SolutionConfigurationPlatforms) = preSolution
		Debug|Any CPU = Debug|Any CPU
		Debug|ARM = Debug|ARM
		Debug|x64 = Debug|x64
		Debug|x86 = Debug|x86
		Release|Any CPU = Release|Any CPU
		Release|ARM = Release|ARM
		Release|x64 = Release|x64
		Release|x86 = Release|x86
	EndGlobalSection
	GlobalSection(ProjectConfigurationPlatforms) = postSolution
		{6BCEB877-FFEF-48A9-8D5B-ECD89ACE51D0}.Debug|Any CPU.ActiveCfg = Debug|Any CPU
		{6BCEB877-FFEF-48A9-8D5B-ECD89ACE51D0}.Debug|Any CPU.Build.0 = Debug|Any CPU
		{6BCEB877-FFEF-48A9-8D5B-ECD89ACE51D0}.Debug|Any CPU.Deploy.0 = Debug|Any CPU
		{6BCEB877-FFEF-48A9-8D5B-ECD89ACE51D0}.Debug|ARM.ActiveCfg = Debug|ARM
		{6BCEB877-FFEF-48A9-8D5B-ECD89ACE51D0}.Debug|ARM.Build.0 = Debug|ARM
		{6BCEB877-FFEF-48A9-8D5B-ECD89ACE51D0}.Debug|ARM.Deploy.0 = Debug|ARM
		{6BCEB877-FFEF-48A9-8D5B-ECD89ACE51D0}.Debug|x64.ActiveCfg = Debug|x64
		{6BCEB877-FFEF-48A9-8D5B-ECD89ACE51D0}.Debug|x64.Build.0 = Debug|x64
		{6BCEB877-FFEF-48A9-8D5B-ECD89ACE51D0}.Debug|x64.Deploy.0 = Debug|x64
		{6BCEB877-FFEF-48A9-8D5B-ECD89ACE51D0}.Debug|x86.ActiveCfg = Debug|x86
		{6BCEB877-FFEF-48A9-8D5B-ECD89ACE51D0}.Debug|x86.Build.0 = Debug|x86
		{6BCEB877-FFEF-48A9-8D5B-ECD89ACE51D0}.Debug|x86.Deploy.0 = Debug|x86
		{6BCEB877-FFEF-48A9-8D5B-ECD89ACE51D0}.Release|Any CPU.ActiveCfg = Release|Any CPU
		{6BCEB877-FFEF-48A9-8D5B-ECD89ACE51D0}.Release|Any CPU.Build.0 = Release|Any CPU
		{6BCEB877-FFEF-48A9-8D5B-ECD89ACE51D0}.Release|Any CPU.Deploy.0 = Release|Any CPU
		{6BCEB877-FFEF-48A9-8D5B-ECD89ACE51D0}.Release|ARM.ActiveCfg = Release|ARM
		{6BCEB877-FFEF-48A9-8D5B-ECD89ACE51D0}.Release|ARM.Build.0 = Release|ARM
		{6BCEB877-FFEF-48A9-8D5B-ECD89ACE51D0}.Release|ARM.Deploy.0 = Release|ARM
		{6BCEB877-FFEF-48A9-8D5B-ECD89ACE51D0}.Release|x64.ActiveCfg = Release|x64
		{6BCEB877-FFEF-48A9-8D5B-ECD89ACE51D0}.Release|x64.Build.0 = Release|x64
		{6BCEB877-FFEF-48A9-8D5B-ECD89ACE51D0}.Release|x64.Deploy.0 = Release|x64
		{6BCEB877-FFEF-48A9-8D5B-ECD89ACE51D0}.Release|x86.ActiveCfg = Release|x86
		{6BCEB877-FFEF-48A9-8D5B-ECD89ACE51D0}.Release|x86.Build.0 = Release|x86
		{6BCEB877-FFEF-48A9-8D5B-ECD89ACE51D0}.Release|x86.Deploy.0 = Release|x86
		{54E5FE99-7A57-4C93-9DC9-070D7DA68E18}.Debug|Any CPU.ActiveCfg = Debug|Any CPU
		{54E5FE99-7A57-4C93-9DC9-070D7DA68E18}.Debug|Any CPU.Build.0 = Debug|Any CPU
		{54E5FE99-7A57-4C93-9DC9-070D7DA68E18}.Debug|ARM.ActiveCfg = Debug|ARM
		{54E5FE99-7A57-4C93-9DC9-070D7DA68E18}.Debug|ARM.Build.0 = Debug|ARM
		{54E5FE99-7A57-4C93-9DC9-070D7DA68E18}.Debug|x64.ActiveCfg = Debug|x64
		{54E5FE99-7A57-4C93-9DC9-070D7DA68E18}.Debug|x64.Build.0 = Debug|x64
		{54E5FE99-7A57-4C93-9DC9-070D7DA68E18}.Debug|x86.ActiveCfg = Debug|x86
		{54E5FE99-7A57-4C93-9DC9-070D7DA68E18}.Debug|x86.Build.0 = Debug|x86
		{54E5FE99-7A57-4C93-9DC9-070D7DA68E18}.Release|Any CPU.ActiveCfg = Release|Any CPU
		{54E5FE99-7A57-4C93-9DC9-070D7DA68E18}.Release|Any CPU.Build.0 = Release|Any CPU
		{54E5FE99-7A57-4C93-9DC9-070D7DA68E18}.Release|ARM.ActiveCfg = Release|ARM
		{54E5FE99-7A57-4C93-9DC9-070D7DA68E18}.Release|ARM.Build.0 = Release|ARM
		{54E5FE99-7A57-4C93-9DC9-070D7DA68E18}.Release|x64.ActiveCfg = Release|x64
		{54E5FE99-7A57-4C93-9DC9-070D7DA68E18}.Release|x64.Build.0 = Release|x64
		{54E5FE99-7A57-4C93-9DC9-070D7DA68E18}.Release|x86.ActiveCfg = Release|x86
		{54E5FE99-7A57-4C93-9DC9-070D7DA68E18}.Release|x86.Build.0 = Release|x86
		{2F8F784E-60BF-4D00-AC8B-CA3D391806DF}.Debug|Any CPU.ActiveCfg = Debug|Any CPU
		{2F8F784E-60BF-4D00-AC8B-CA3D391806DF}.Debug|Any CPU.Build.0 = Debug|Any CPU
		{2F8F784E-60BF-4D00-AC8B-CA3D391806DF}.Debug|ARM.ActiveCfg = Debug|ARM
		{2F8F784E-60BF-4D00-AC8B-CA3D391806DF}.Debug|ARM.Build.0 = Debug|ARM
		{2F8F784E-60BF-4D00-AC8B-CA3D391806DF}.Debug|x64.ActiveCfg = Debug|x64
		{2F8F784E-60BF-4D00-AC8B-CA3D391806DF}.Debug|x64.Build.0 = Debug|x64
		{2F8F784E-60BF-4D00-AC8B-CA3D391806DF}.Debug|x86.ActiveCfg = Debug|x86
		{2F8F784E-60BF-4D00-AC8B-CA3D391806DF}.Debug|x86.Build.0 = Debug|x86
		{2F8F784E-60BF-4D00-AC8B-CA3D391806DF}.Release|Any CPU.ActiveCfg = Release|Any CPU
		{2F8F784E-60BF-4D00-AC8B-CA3D391806DF}.Release|Any CPU.Build.0 = Release|Any CPU
		{2F8F784E-60BF-4D00-AC8B-CA3D391806DF}.Release|ARM.ActiveCfg = Release|ARM
		{2F8F784E-60BF-4D00-AC8B-CA3D391806DF}.Release|ARM.Build.0 = Release|ARM
		{2F8F784E-60BF-4D00-AC8B-CA3D391806DF}.Release|x64.ActiveCfg = Release|x64
		{2F8F784E-60BF-4D00-AC8B-CA3D391806DF}.Release|x64.Build.0 = Release|x64
		{2F8F784E-60BF-4D00-AC8B-CA3D391806DF}.Release|x86.ActiveCfg = Release|x86
		{2F8F784E-60BF-4D00-AC8B-CA3D391806DF}.Release|x86.Build.0 = Release|x86
		{B2715185-D995-4593-9E3D-BB7E221A6671}.Debug|Any CPU.ActiveCfg = Debug|Any CPU
		{B2715185-D995-4593-9E3D-BB7E221A6671}.Debug|Any CPU.Build.0 = Debug|Any CPU
		{B2715185-D995-4593-9E3D-BB7E221A6671}.Debug|ARM.ActiveCfg = Debug|ARM
		{B2715185-D995-4593-9E3D-BB7E221A6671}.Debug|ARM.Build.0 = Debug|ARM
		{B2715185-D995-4593-9E3D-BB7E221A6671}.Debug|x64.ActiveCfg = Debug|x64
		{B2715185-D995-4593-9E3D-BB7E221A6671}.Debug|x64.Build.0 = Debug|x64
		{B2715185-D995-4593-9E3D-BB7E221A6671}.Debug|x86.ActiveCfg = Debug|x86
		{B2715185-D995-4593-9E3D-BB7E221A6671}.Debug|x86.Build.0 = Debug|x86
		{B2715185-D995-4593-9E3D-BB7E221A6671}.Release|Any CPU.ActiveCfg = Release|Any CPU
		{B2715185-D995-4593-9E3D-BB7E221A6671}.Release|Any CPU.Build.0 = Release|Any CPU
		{B2715185-D995-4593-9E3D-BB7E221A6671}.Release|ARM.ActiveCfg = Release|ARM
		{B2715185-D995-4593-9E3D-BB7E221A6671}.Release|ARM.Build.0 = Release|ARM
		{B2715185-D995-4593-9E3D-BB7E221A6671}.Release|x64.ActiveCfg = Release|x64
		{B2715185-D995-4593-9E3D-BB7E221A6671}.Release|x64.Build.0 = Release|x64
		{B2715185-D995-4593-9E3D-BB7E221A6671}.Release|x86.ActiveCfg = Release|x86
		{B2715185-D995-4593-9E3D-BB7E221A6671}.Release|x86.Build.0 = Release|x86
		{9AC6E594-21F0-4A53-9BC4-AE3F64533E2E}.Debug|Any CPU.ActiveCfg = Debug|Any CPU
		{9AC6E594-21F0-4A53-9BC4-AE3F64533E2E}.Debug|Any CPU.Build.0 = Debug|Any CPU
		{9AC6E594-21F0-4A53-9BC4-AE3F64533E2E}.Debug|ARM.ActiveCfg = Debug|ARM
		{9AC6E594-21F0-4A53-9BC4-AE3F64533E2E}.Debug|ARM.Build.0 = Debug|ARM
		{9AC6E594-21F0-4A53-9BC4-AE3F64533E2E}.Debug|x64.ActiveCfg = Debug|x64
		{9AC6E594-21F0-4A53-9BC4-AE3F64533E2E}.Debug|x64.Build.0 = Debug|x64
		{9AC6E594-21F0-4A53-9BC4-AE3F64533E2E}.Debug|x86.ActiveCfg = Debug|x86
		{9AC6E594-21F0-4A53-9BC4-AE3F64533E2E}.Debug|x86.Build.0 = Debug|x86
		{9AC6E594-21F0-4A53-9BC4-AE3F64533E2E}.Release|Any CPU.ActiveCfg = Release|Any CPU
		{9AC6E594-21F0-4A53-9BC4-AE3F64533E2E}.Release|Any CPU.Build.0 = Release|Any CPU
		{9AC6E594-21F0-4A53-9BC4-AE3F64533E2E}.Release|ARM.ActiveCfg = Release|ARM
		{9AC6E594-21F0-4A53-9BC4-AE3F64533E2E}.Release|ARM.Build.0 = Release|ARM
		{9AC6E594-21F0-4A53-9BC4-AE3F64533E2E}.Release|x64.ActiveCfg = Release|x64
		{9AC6E594-21F0-4A53-9BC4-AE3F64533E2E}.Release|x64.Build.0 = Release|x64
		{9AC6E594-21F0-4A53-9BC4-AE3F64533E2E}.Release|x86.ActiveCfg = Release|x86
		{9AC6E594-21F0-4A53-9BC4-AE3F64533E2E}.Release|x86.Build.0 = Release|x86
		{E4C5B4FE-FA87-4DDA-8584-C8EBD377E67C}.Debug|Any CPU.ActiveCfg = Debug|Any CPU
		{E4C5B4FE-FA87-4DDA-8584-C8EBD377E67C}.Debug|Any CPU.Build.0 = Debug|Any CPU
		{E4C5B4FE-FA87-4DDA-8584-C8EBD377E67C}.Debug|ARM.ActiveCfg = Debug|ARM
		{E4C5B4FE-FA87-4DDA-8584-C8EBD377E67C}.Debug|ARM.Build.0 = Debug|ARM
		{E4C5B4FE-FA87-4DDA-8584-C8EBD377E67C}.Debug|x64.ActiveCfg = Debug|x64
		{E4C5B4FE-FA87-4DDA-8584-C8EBD377E67C}.Debug|x64.Build.0 = Debug|x64
		{E4C5B4FE-FA87-4DDA-8584-C8EBD377E67C}.Debug|x86.ActiveCfg = Debug|x86
		{E4C5B4FE-FA87-4DDA-8584-C8EBD377E67C}.Debug|x86.Build.0 = Debug|x86
		{E4C5B4FE-FA87-4DDA-8584-C8EBD377E67C}.Release|Any CPU.ActiveCfg = Release|Any CPU
		{E4C5B4FE-FA87-4DDA-8584-C8EBD377E67C}.Release|Any CPU.Build.0 = Release|Any CPU
		{E4C5B4FE-FA87-4DDA-8584-C8EBD377E67C}.Release|ARM.ActiveCfg = Release|ARM
		{E4C5B4FE-FA87-4DDA-8584-C8EBD377E67C}.Release|ARM.Build.0 = Release|ARM
		{E4C5B4FE-FA87-4DDA-8584-C8EBD377E67C}.Release|x64.ActiveCfg = Release|x64
		{E4C5B4FE-FA87-4DDA-8584-C8EBD377E67C}.Release|x64.Build.0 = Release|x64
		{E4C5B4FE-FA87-4DDA-8584-C8EBD377E67C}.Release|x86.ActiveCfg = Release|x86
		{E4C5B4FE-FA87-4DDA-8584-C8EBD377E67C}.Release|x86.Build.0 = Release|x86
		{786F3FCF-ECB3-44BE-8AE9-C81340B9E9C1}.Debug|Any CPU.ActiveCfg = Debug|Any CPU
		{786F3FCF-ECB3-44BE-8AE9-C81340B9E9C1}.Debug|Any CPU.Build.0 = Debug|Any CPU
		{786F3FCF-ECB3-44BE-8AE9-C81340B9E9C1}.Debug|ARM.ActiveCfg = Debug|ARM
		{786F3FCF-ECB3-44BE-8AE9-C81340B9E9C1}.Debug|ARM.Build.0 = Debug|ARM
		{786F3FCF-ECB3-44BE-8AE9-C81340B9E9C1}.Debug|x64.ActiveCfg = Debug|x64
		{786F3FCF-ECB3-44BE-8AE9-C81340B9E9C1}.Debug|x64.Build.0 = Debug|x64
		{786F3FCF-ECB3-44BE-8AE9-C81340B9E9C1}.Debug|x86.ActiveCfg = Debug|x86
		{786F3FCF-ECB3-44BE-8AE9-C81340B9E9C1}.Debug|x86.Build.0 = Debug|x86
		{786F3FCF-ECB3-44BE-8AE9-C81340B9E9C1}.Release|Any CPU.ActiveCfg = Release|Any CPU
		{786F3FCF-ECB3-44BE-8AE9-C81340B9E9C1}.Release|Any CPU.Build.0 = Release|Any CPU
		{786F3FCF-ECB3-44BE-8AE9-C81340B9E9C1}.Release|ARM.ActiveCfg = Release|ARM
		{786F3FCF-ECB3-44BE-8AE9-C81340B9E9C1}.Release|ARM.Build.0 = Release|ARM
		{786F3FCF-ECB3-44BE-8AE9-C81340B9E9C1}.Release|x64.ActiveCfg = Release|x64
		{786F3FCF-ECB3-44BE-8AE9-C81340B9E9C1}.Release|x64.Build.0 = Release|x64
		{786F3FCF-ECB3-44BE-8AE9-C81340B9E9C1}.Release|x86.ActiveCfg = Release|x86
		{786F3FCF-ECB3-44BE-8AE9-C81340B9E9C1}.Release|x86.Build.0 = Release|x86
		{1D45E4F9-AB1D-460B-9E4A-B71CCB757E92}.Debug|Any CPU.ActiveCfg = Debug|Any CPU
		{1D45E4F9-AB1D-460B-9E4A-B71CCB757E92}.Debug|Any CPU.Build.0 = Debug|Any CPU
		{1D45E4F9-AB1D-460B-9E4A-B71CCB757E92}.Debug|ARM.ActiveCfg = Debug|Any CPU
		{1D45E4F9-AB1D-460B-9E4A-B71CCB757E92}.Debug|x64.ActiveCfg = Debug|Any CPU
		{1D45E4F9-AB1D-460B-9E4A-B71CCB757E92}.Debug|x86.ActiveCfg = Debug|Any CPU
		{1D45E4F9-AB1D-460B-9E4A-B71CCB757E92}.Release|Any CPU.ActiveCfg = Release|Any CPU
		{1D45E4F9-AB1D-460B-9E4A-B71CCB757E92}.Release|Any CPU.Build.0 = Release|Any CPU
		{1D45E4F9-AB1D-460B-9E4A-B71CCB757E92}.Release|ARM.ActiveCfg = Release|Any CPU
		{1D45E4F9-AB1D-460B-9E4A-B71CCB757E92}.Release|x64.ActiveCfg = Release|Any CPU
		{1D45E4F9-AB1D-460B-9E4A-B71CCB757E92}.Release|x86.ActiveCfg = Release|Any CPU
	EndGlobalSection
	GlobalSection(SolutionProperties) = preSolution
		HideSolutionNode = FALSE
	EndGlobalSection
EndGlobal
